
Microsoft Visual Studio Solution File, Format Version 12.00
# Visual Studio Version 17
VisualStudioVersion = 17.4.33205.214
MinimumVisualStudioVersion = 10.0.40219.1
Project("{8BC9CEB8-8B4A-11D0-8D11-00A0C91BC942}") = "Empty Object.Windows", "Src\Empty Object.Windows.vcxproj", "{0FC68544-B3E5-4632-9BBA-7A84EADFC38E}"
EndProject
Project("{8BC9CEB8-8B4A-11D0-8D11-00A0C91BC942}") = "Empty Object.Android", "Src\Empty Object.Android.vcxproj", "{1BA4DAF2-407F-457C-917B-EE67D3EE7FB5}"
EndProject
Project("{8BC9CEB8-8B4A-11D0-8D11-00A0C91BC942}") = "Empty Object.Shared", "Src\Empty Object.Shared.vcxitems", "{8002A7CE-24A0-4994-BDA4-2B208FA7D7C5}"
EndProject
Project("{8BC9CEB8-8B4A-11D0-8D11-00A0C91BC942}") = "Empty Object.iOS", "Src\Empty Object.iOS.vcxproj", "{8D71CD83-BE30-4B0F-802E-9629805A663A}"
EndProject
Global
	GlobalSection(SolutionConfigurationPlatforms) = preSolution
		Debug Unicode|ARM = Debug Unicode|ARM
		Debug Unicode|ARM64 = Debug Unicode|ARM64
		Debug Unicode|Win32 = Debug Unicode|Win32
		Debug Unicode|x64 = Debug Unicode|x64
		Debug|ARM = Debug|ARM
		Debug|ARM64 = Debug|ARM64
		Debug|Win32 = Debug|Win32
		Debug|x64 = Debug|x64
		Edittime French|ARM = Edittime French|ARM
		Edittime French|ARM64 = Edittime French|ARM64
		Edittime French|Win32 = Edittime French|Win32
		Edittime French|x64 = Edittime French|x64
		Edittime Unicode|ARM = Edittime Unicode|ARM
		Edittime Unicode|ARM64 = Edittime Unicode|ARM64
		Edittime Unicode|Win32 = Edittime Unicode|Win32
		Edittime Unicode|x64 = Edittime Unicode|x64
		Edittime|ARM = Edittime|ARM
		Edittime|ARM64 = Edittime|ARM64
		Edittime|Win32 = Edittime|Win32
		Edittime|x64 = Edittime|x64
		Runtime French|ARM = Runtime French|ARM
		Runtime French|ARM64 = Runtime French|ARM64
		Runtime French|Win32 = Runtime French|Win32
		Runtime French|x64 = Runtime French|x64
		Runtime Unicode|ARM = Runtime Unicode|ARM
		Runtime Unicode|ARM64 = Runtime Unicode|ARM64
		Runtime Unicode|Win32 = Runtime Unicode|Win32
		Runtime Unicode|x64 = Runtime Unicode|x64
		Runtime|ARM = Runtime|ARM
		Runtime|ARM64 = Runtime|ARM64
		Runtime|Win32 = Runtime|Win32
		Runtime|x64 = Runtime|x64
		Vitalize|ARM = Vitalize|ARM
		Vitalize|ARM64 = Vitalize|ARM64
		Vitalize|Win32 = Vitalize|Win32
		Vitalize|x64 = Vitalize|x64
	EndGlobalSection
	GlobalSection(ProjectConfigurationPlatforms) = postSolution
		{0FC68544-B3E5-4632-9BBA-7A84EADFC38E}.Debug Unicode|ARM.ActiveCfg = Debug Unicode|Win32
		{0FC68544-B3E5-4632-9BBA-7A84EADFC38E}.Debug Unicode|ARM64.ActiveCfg = Debug Unicode|Win32
		{0FC68544-B3E5-4632-9BBA-7A84EADFC38E}.Debug Unicode|Win32.ActiveCfg = Debug Unicode|Win32
		{0FC68544-B3E5-4632-9BBA-7A84EADFC38E}.Debug Unicode|Win32.Build.0 = Debug Unicode|Win32
		{0FC68544-B3E5-4632-9BBA-7A84EADFC38E}.Debug Unicode|x64.ActiveCfg = Debug Unicode|Win32
		{0FC68544-B3E5-4632-9BBA-7A84EADFC38E}.Debug|ARM.ActiveCfg = Debug|Win32
		{0FC68544-B3E5-4632-9BBA-7A84EADFC38E}.Debug|ARM64.ActiveCfg = Debug|Win32
		{0FC68544-B3E5-4632-9BBA-7A84EADFC38E}.Debug|Win32.ActiveCfg = Debug|Win32
		{0FC68544-B3E5-4632-9BBA-7A84EADFC38E}.Debug|Win32.Build.0 = Debug|Win32
		{0FC68544-B3E5-4632-9BBA-7A84EADFC38E}.Debug|x64.ActiveCfg = Debug|Win32
		{0FC68544-B3E5-4632-9BBA-7A84EADFC38E}.Edittime French|ARM.ActiveCfg = Edittime|Win32
		{0FC68544-B3E5-4632-9BBA-7A84EADFC38E}.Edittime French|ARM64.ActiveCfg = Edittime|Win32
		{0FC68544-B3E5-4632-9BBA-7A84EADFC38E}.Edittime French|Win32.ActiveCfg = Edittime|Win32
		{0FC68544-B3E5-4632-9BBA-7A84EADFC38E}.Edittime French|x64.ActiveCfg = Edittime|Win32
		{0FC68544-B3E5-4632-9BBA-7A84EADFC38E}.Edittime Unicode|ARM.ActiveCfg = Edittime Unicode|Win32
		{0FC68544-B3E5-4632-9BBA-7A84EADFC38E}.Edittime Unicode|ARM64.ActiveCfg = Edittime Unicode|Win32
		{0FC68544-B3E5-4632-9BBA-7A84EADFC38E}.Edittime Unicode|Win32.ActiveCfg = Edittime Unicode|Win32
		{0FC68544-B3E5-4632-9BBA-7A84EADFC38E}.Edittime Unicode|Win32.Build.0 = Edittime Unicode|Win32
		{0FC68544-B3E5-4632-9BBA-7A84EADFC38E}.Edittime Unicode|x64.ActiveCfg = Edittime Unicode|Win32
		{0FC68544-B3E5-4632-9BBA-7A84EADFC38E}.Edittime|ARM.ActiveCfg = Edittime|Win32
		{0FC68544-B3E5-4632-9BBA-7A84EADFC38E}.Edittime|ARM64.ActiveCfg = Edittime|Win32
		{0FC68544-B3E5-4632-9BBA-7A84EADFC38E}.Edittime|Win32.ActiveCfg = Edittime|Win32
		{0FC68544-B3E5-4632-9BBA-7A84EADFC38E}.Edittime|Win32.Build.0 = Edittime|Win32
		{0FC68544-B3E5-4632-9BBA-7A84EADFC38E}.Edittime|x64.ActiveCfg = Edittime|Win32
		{0FC68544-B3E5-4632-9BBA-7A84EADFC38E}.Runtime French|ARM.ActiveCfg = Runtime|Win32
		{0FC68544-B3E5-4632-9BBA-7A84EADFC38E}.Runtime French|ARM64.ActiveCfg = Runtime|Win32
		{0FC68544-B3E5-4632-9BBA-7A84EADFC38E}.Runtime French|Win32.ActiveCfg = Runtime|Win32
		{0FC68544-B3E5-4632-9BBA-7A84EADFC38E}.Runtime French|x64.ActiveCfg = Runtime|Win32
		{0FC68544-B3E5-4632-9BBA-7A84EADFC38E}.Runtime Unicode|ARM.ActiveCfg = Runtime Unicode|Win32
		{0FC68544-B3E5-4632-9BBA-7A84EADFC38E}.Runtime Unicode|ARM64.ActiveCfg = Runtime Unicode|Win32
		{0FC68544-B3E5-4632-9BBA-7A84EADFC38E}.Runtime Unicode|Win32.ActiveCfg = Runtime Unicode|Win32
		{0FC68544-B3E5-4632-9BBA-7A84EADFC38E}.Runtime Unicode|Win32.Build.0 = Runtime Unicode|Win32
		{0FC68544-B3E5-4632-9BBA-7A84EADFC38E}.Runtime Unicode|x64.ActiveCfg = Runtime Unicode|Win32
		{0FC68544-B3E5-4632-9BBA-7A84EADFC38E}.Runtime|ARM.ActiveCfg = Runtime|Win32
		{0FC68544-B3E5-4632-9BBA-7A84EADFC38E}.Runtime|ARM64.ActiveCfg = Runtime|Win32
		{0FC68544-B3E5-4632-9BBA-7A84EADFC38E}.Runtime|Win32.ActiveCfg = Runtime|Win32
		{0FC68544-B3E5-4632-9BBA-7A84EADFC38E}.Runtime|Win32.Build.0 = Runtime|Win32
		{0FC68544-B3E5-4632-9BBA-7A84EADFC38E}.Runtime|x64.ActiveCfg = Runtime|Win32
		{0FC68544-B3E5-4632-9BBA-7A84EADFC38E}.Vitalize|ARM.ActiveCfg = Runtime|Win32
		{0FC68544-B3E5-4632-9BBA-7A84EADFC38E}.Vitalize|ARM64.ActiveCfg = Runtime|Win32
		{0FC68544-B3E5-4632-9BBA-7A84EADFC38E}.Vitalize|Win32.ActiveCfg = Debug|Win32
		{0FC68544-B3E5-4632-9BBA-7A84EADFC38E}.Vitalize|x64.ActiveCfg = Runtime|Win32
		{1BA4DAF2-407F-457C-917B-EE67D3EE7FB5}.Debug Unicode|ARM.ActiveCfg = Debug|ARM
		{1BA4DAF2-407F-457C-917B-EE67D3EE7FB5}.Debug Unicode|ARM64.ActiveCfg = Debug|ARM64
		{1BA4DAF2-407F-457C-917B-EE67D3EE7FB5}.Debug Unicode|Win32.ActiveCfg = Debug|x86
		{1BA4DAF2-407F-457C-917B-EE67D3EE7FB5}.Debug Unicode|x64.ActiveCfg = Debug|x64
		{1BA4DAF2-407F-457C-917B-EE67D3EE7FB5}.Debug|ARM.ActiveCfg = Debug|ARM
		{1BA4DAF2-407F-457C-917B-EE67D3EE7FB5}.Debug|ARM.Build.0 = Debug|ARM
		{1BA4DAF2-407F-457C-917B-EE67D3EE7FB5}.Debug|ARM64.ActiveCfg = Debug|ARM64
		{1BA4DAF2-407F-457C-917B-EE67D3EE7FB5}.Debug|ARM64.Build.0 = Debug|ARM64
		{1BA4DAF2-407F-457C-917B-EE67D3EE7FB5}.Debug|Win32.ActiveCfg = Debug|x86
		{1BA4DAF2-407F-457C-917B-EE67D3EE7FB5}.Debug|Win32.Build.0 = Debug|x86
		{1BA4DAF2-407F-457C-917B-EE67D3EE7FB5}.Debug|x64.ActiveCfg = Debug|x64
		{1BA4DAF2-407F-457C-917B-EE67D3EE7FB5}.Debug|x64.Build.0 = Debug|x64
		{1BA4DAF2-407F-457C-917B-EE67D3EE7FB5}.Edittime French|ARM.ActiveCfg = Runtime|ARM
		{1BA4DAF2-407F-457C-917B-EE67D3EE7FB5}.Edittime French|ARM64.ActiveCfg = Runtime|ARM64
		{1BA4DAF2-407F-457C-917B-EE67D3EE7FB5}.Edittime French|Win32.ActiveCfg = Runtime|x86
		{1BA4DAF2-407F-457C-917B-EE67D3EE7FB5}.Edittime French|x64.ActiveCfg = Runtime|x64
		{1BA4DAF2-407F-457C-917B-EE67D3EE7FB5}.Edittime Unicode|ARM.ActiveCfg = Runtime|ARM
		{1BA4DAF2-407F-457C-917B-EE67D3EE7FB5}.Edittime Unicode|ARM64.ActiveCfg = Runtime|ARM64
		{1BA4DAF2-407F-457C-917B-EE67D3EE7FB5}.Edittime Unicode|Win32.ActiveCfg = Runtime|x86
		{1BA4DAF2-407F-457C-917B-EE67D3EE7FB5}.Edittime Unicode|x64.ActiveCfg = Runtime|x64
		{1BA4DAF2-407F-457C-917B-EE67D3EE7FB5}.Edittime|ARM.ActiveCfg = Runtime|ARM
		{1BA4DAF2-407F-457C-917B-EE67D3EE7FB5}.Edittime|ARM64.ActiveCfg = Runtime|ARM64
		{1BA4DAF2-407F-457C-917B-EE67D3EE7FB5}.Edittime|Win32.ActiveCfg = Runtime|x86
		{1BA4DAF2-407F-457C-917B-EE67D3EE7FB5}.Edittime|x64.ActiveCfg = Runtime|x64
		{1BA4DAF2-407F-457C-917B-EE67D3EE7FB5}.Runtime French|ARM.ActiveCfg = Runtime|ARM
		{1BA4DAF2-407F-457C-917B-EE67D3EE7FB5}.Runtime French|ARM64.ActiveCfg = Runtime|ARM64
		{1BA4DAF2-407F-457C-917B-EE67D3EE7FB5}.Runtime French|Win32.ActiveCfg = Runtime|x86
		{1BA4DAF2-407F-457C-917B-EE67D3EE7FB5}.Runtime French|x64.ActiveCfg = Runtime|x64
		{1BA4DAF2-407F-457C-917B-EE67D3EE7FB5}.Runtime Unicode|ARM.ActiveCfg = Runtime|ARM
		{1BA4DAF2-407F-457C-917B-EE67D3EE7FB5}.Runtime Unicode|ARM64.ActiveCfg = Runtime|ARM64
		{1BA4DAF2-407F-457C-917B-EE67D3EE7FB5}.Runtime Unicode|Win32.ActiveCfg = Runtime|x86
		{1BA4DAF2-407F-457C-917B-EE67D3EE7FB5}.Runtime Unicode|x64.ActiveCfg = Runtime|x64
		{1BA4DAF2-407F-457C-917B-EE67D3EE7FB5}.Runtime|ARM.ActiveCfg = Runtime|ARM
		{1BA4DAF2-407F-457C-917B-EE67D3EE7FB5}.Runtime|ARM.Build.0 = Runtime|ARM
		{1BA4DAF2-407F-457C-917B-EE67D3EE7FB5}.Runtime|ARM64.ActiveCfg = Runtime|ARM64
		{1BA4DAF2-407F-457C-917B-EE67D3EE7FB5}.Runtime|ARM64.Build.0 = Runtime|ARM64
		{1BA4DAF2-407F-457C-917B-EE67D3EE7FB5}.Runtime|Win32.ActiveCfg = Runtime|x86
		{1BA4DAF2-407F-457C-917B-EE67D3EE7FB5}.Runtime|Win32.Build.0 = Runtime|x86
		{1BA4DAF2-407F-457C-917B-EE67D3EE7FB5}.Runtime|x64.ActiveCfg = Runtime|x64
		{1BA4DAF2-407F-457C-917B-EE67D3EE7FB5}.Runtime|x64.Build.0 = Runtime|x64
		{1BA4DAF2-407F-457C-917B-EE67D3EE7FB5}.Vitalize|ARM.ActiveCfg = Runtime|ARM
		{1BA4DAF2-407F-457C-917B-EE67D3EE7FB5}.Vitalize|ARM64.ActiveCfg = Runtime|ARM64
		{1BA4DAF2-407F-457C-917B-EE67D3EE7FB5}.Vitalize|Win32.ActiveCfg = Debug|x86
		{1BA4DAF2-407F-457C-917B-EE67D3EE7FB5}.Vitalize|x64.ActiveCfg = Runtime|x64
		{8D71CD83-BE30-4B0F-802E-9629805A663A}.Debug Unicode|ARM.ActiveCfg = Debug|ARM
		{8D71CD83-BE30-4B0F-802E-9629805A663A}.Debug Unicode|ARM64.ActiveCfg = Debug|ARM64
		{8D71CD83-BE30-4B0F-802E-9629805A663A}.Debug Unicode|Win32.ActiveCfg = Debug|x86
		{8D71CD83-BE30-4B0F-802E-9629805A663A}.Debug Unicode|x64.ActiveCfg = Debug|x64
		{8D71CD83-BE30-4B0F-802E-9629805A663A}.Debug|ARM.ActiveCfg = Debug|ARM
		{8D71CD83-BE30-4B0F-802E-9629805A663A}.Debug|ARM.Build.0 = Debug|ARM
		{8D71CD83-BE30-4B0F-802E-9629805A663A}.Debug|ARM64.ActiveCfg = Debug|ARM64
		{8D71CD83-BE30-4B0F-802E-9629805A663A}.Debug|ARM64.Build.0 = Debug|ARM64
		{8D71CD83-BE30-4B0F-802E-9629805A663A}.Debug|Win32.ActiveCfg = Debug|x86
		{8D71CD83-BE30-4B0F-802E-9629805A663A}.Debug|Win32.Build.0 = Debug|x86
		{8D71CD83-BE30-4B0F-802E-9629805A663A}.Debug|x64.ActiveCfg = Debug|x64
		{8D71CD83-BE30-4B0F-802E-9629805A663A}.Debug|x64.Build.0 = Debug|x64
		{8D71CD83-BE30-4B0F-802E-9629805A663A}.Edittime French|ARM.ActiveCfg = Runtime|ARM
		{8D71CD83-BE30-4B0F-802E-9629805A663A}.Edittime French|ARM64.ActiveCfg = Runtime|ARM64
		{8D71CD83-BE30-4B0F-802E-9629805A663A}.Edittime French|Win32.ActiveCfg = Runtime|x86
		{8D71CD83-BE30-4B0F-802E-9629805A663A}.Edittime French|x64.ActiveCfg = Runtime|x64
		{8D71CD83-BE30-4B0F-802E-9629805A663A}.Edittime Unicode|ARM.ActiveCfg = Runtime|ARM
		{8D71CD83-BE30-4B0F-802E-9629805A663A}.Edittime Unicode|ARM64.ActiveCfg = Runtime|ARM64
		{8D71CD83-BE30-4B0F-802E-9629805A663A}.Edittime Unicode|Win32.ActiveCfg = Runtime|x86
		{8D71CD83-BE30-4B0F-802E-9629805A663A}.Edittime Unicode|x64.ActiveCfg = Runtime|x64
		{8D71CD83-BE30-4B0F-802E-9629805A663A}.Edittime|ARM.ActiveCfg = Runtime|ARM
		{8D71CD83-BE30-4B0F-802E-9629805A663A}.Edittime|ARM64.ActiveCfg = Runtime|ARM64
		{8D71CD83-BE30-4B0F-802E-9629805A663A}.Edittime|Win32.ActiveCfg = Runtime|x86
		{8D71CD83-BE30-4B0F-802E-9629805A663A}.Edittime|x64.ActiveCfg = Runtime|x64
		{8D71CD83-BE30-4B0F-802E-9629805A663A}.Runtime French|ARM.ActiveCfg = Runtime|ARM
		{8D71CD83-BE30-4B0F-802E-9629805A663A}.Runtime French|ARM64.ActiveCfg = Runtime|ARM64
		{8D71CD83-BE30-4B0F-802E-9629805A663A}.Runtime French|Win32.ActiveCfg = Runtime|x86
		{8D71CD83-BE30-4B0F-802E-9629805A663A}.Runtime French|x64.ActiveCfg = Runtime|x64
		{8D71CD83-BE30-4B0F-802E-9629805A663A}.Runtime Unicode|ARM.ActiveCfg = Runtime|ARM
		{8D71CD83-BE30-4B0F-802E-9629805A663A}.Runtime Unicode|ARM64.ActiveCfg = Runtime|ARM64
		{8D71CD83-BE30-4B0F-802E-9629805A663A}.Runtime Unicode|Win32.ActiveCfg = Runtime|x86
		{8D71CD83-BE30-4B0F-802E-9629805A663A}.Runtime Unicode|x64.ActiveCfg = Runtime|x64
		{8D71CD83-BE30-4B0F-802E-9629805A663A}.Runtime|ARM.ActiveCfg = Runtime|ARM
		{8D71CD83-BE30-4B0F-802E-9629805A663A}.Runtime|ARM.Build.0 = Runtime|ARM
		{8D71CD83-BE30-4B0F-802E-9629805A663A}.Runtime|ARM64.ActiveCfg = Runtime|ARM64
		{8D71CD83-BE30-4B0F-802E-9629805A663A}.Runtime|ARM64.Build.0 = Runtime|ARM64
		{8D71CD83-BE30-4B0F-802E-9629805A663A}.Runtime|Win32.ActiveCfg = Runtime|x86
		{8D71CD83-BE30-4B0F-802E-9629805A663A}.Runtime|Win32.Build.0 = Runtime|x86
		{8D71CD83-BE30-4B0F-802E-9629805A663A}.Runtime|x64.ActiveCfg = Runtime|x64
		{8D71CD83-BE30-4B0F-802E-9629805A663A}.Runtime|x64.Build.0 = Runtime|x64
		{8D71CD83-BE30-4B0F-802E-9629805A663A}.Vitalize|ARM.ActiveCfg = Runtime|ARM
		{8D71CD83-BE30-4B0F-802E-9629805A663A}.Vitalize|ARM64.ActiveCfg = Runtime|ARM64
		{8D71CD83-BE30-4B0F-802E-9629805A663A}.Vitalize|Win32.ActiveCfg = Debug|x86
		{8D71CD83-BE30-4B0F-802E-9629805A663A}.Vitalize|x64.ActiveCfg = Runtime|x64
	EndGlobalSection
	GlobalSection(SolutionProperties) = preSolution
		HideSolutionNode = FALSE
	EndGlobalSection
	GlobalSection(ExtensibilityGlobals) = postSolution
		SolutionGuid = {45C892FB-FEE7-4CAA-B5CA-CAB83E06D99B}
	EndGlobalSection
	GlobalSection(SharedMSBuildProjectFiles) = preSolution
		Src\Empty Object.Shared.vcxitems*{0fc68544-b3e5-4632-9bba-7a84eadfc38e}*SharedItemsImports = 4
		Src\Empty Object.Shared.vcxitems*{1ba4daf2-407f-457c-917b-ee67d3ee7fb5}*SharedItemsImports = 4
		Src\Empty Object.Shared.vcxitems*{8002a7ce-24a0-4994-bda4-2b208fa7d7c5}*SharedItemsImports = 9
		Src\Empty Object.Shared.vcxitems*{8d71cd83-be30-4b0f-802e-9629805a663a}*SharedItemsImports = 4
	EndGlobalSection
EndGlobal
